# THIS IS AN AUTOGENERATED FILE. DO NOT EDIT THIS FILE DIRECTLY.
# yarn lockfile v1


"@babel/runtime@^7.1.2", "@babel/runtime@^7.3.1", "@babel/runtime@^7.3.4", "@babel/runtime@^7.4.0", "@babel/runtime@^7.4.4", "@babel/runtime@^7.5.5", "@babel/runtime@^7.6.2", "@babel/runtime@^7.6.3", "@babel/runtime@^7.7.7":
  version "7.9.2"
  resolved "https://registry.yarnpkg.com/@babel/runtime/-/runtime-7.9.2.tgz#d90df0583a3a252f09aaa619665367bae518db06"
  integrity sha512-NE2DtOdufG7R5vnfQUTehdTfNycfUANEtCa9PssN9O/xmTzP4E08UI797ixaei6hBEVL9BI/PsdJS5x7mWoB9Q==
  dependencies:
    regenerator-runtime "^0.13.4"

"@emotion/hash@^0.7.4":
  version "0.7.4"
  resolved "https://registry.yarnpkg.com/@emotion/hash/-/hash-0.7.4.tgz#f14932887422c9056b15a8d222a9074a7dfa2831"
  integrity sha512-fxfMSBMX3tlIbKUdtGKxqB1fyrH6gVrX39Gsv3y8lRYKUqlgDt3UMqQyGnR1bQMa2B8aGnhLZokZgg8vT0Le+A==

"@emotion/hash@^0.8.0":
  version "0.8.0"
  resolved "https://registry.yarnpkg.com/@emotion/hash/-/hash-0.8.0.tgz#bbbff68978fefdbe68ccb533bc8cbe1d1afb5413"
  integrity sha512-kBJtf7PH6aWwZ6fka3zQ0p6SBYzx4fl1LoZXE2RrnYST9Xljm7WfKJrU4g/Xr3Beg72MLrp1AWNUmuYJTL7Cow==

"@loadable/component@^5.10.3":
  version "5.12.0"
  resolved "https://registry.yarnpkg.com/@loadable/component/-/component-5.12.0.tgz#34d056d15f53dc08d04e9203cad6867cf4f7306c"
  integrity sha512-eDG7FPZ8tCFA/mqu2IrYV6eS+UxGBo21PwtEV9QpkpYrx25xKRXzJUm36yfQPK3o7jXu43xpPkwiU4mLWcjJlw==
  dependencies:
    "@babel/runtime" "^7.7.7"
    hoist-non-react-statics "^3.3.1"

"@loadable/server@^5.10.3":
  version "5.12.0"
  resolved "https://registry.yarnpkg.com/@loadable/server/-/server-5.12.0.tgz#61069d9cf6151e7d22c25f54264165556a101634"
  integrity sha512-Sb4hPz3vPf2z8GMPlW2kSiDwy3Lv38LhVFEW/Uy3BJqHxNlollJDD3rXQ6zmCZY5S/x/m1tPox8UyIBhcr8SZg==
  dependencies:
    lodash "^4.17.15"

"@material-ui/core@4.9.3":
  version "4.9.3"
  resolved "https://registry.yarnpkg.com/@material-ui/core/-/core-4.9.3.tgz#29ad51f4d36cbc3af7a9db27d92f93fa4fa42d50"
  integrity sha512-EQrhN7XHdCfBCMiCTHmiHSn/H1tj2qCt5W/kSDhr1gaYAtBTTiQ29j2xR1NcHT1siVQqAtgIkPephqbTEgQLwA==
  dependencies:
    "@babel/runtime" "^7.4.4"
    "@material-ui/styles" "^4.9.0"
    "@material-ui/system" "^4.9.3"
    "@material-ui/types" "^5.0.0"
    "@material-ui/utils" "^4.7.1"
    "@types/react-transition-group" "^4.2.0"
    clsx "^1.0.2"
    convert-css-length "^2.0.1"
    hoist-non-react-statics "^3.3.2"
    popper.js "^1.14.1"
    prop-types "^15.7.2"
    react-is "^16.8.0"
    react-transition-group "^4.3.0"

"@material-ui/icons@4.9.1":
  version "4.9.1"
  resolved "https://registry.yarnpkg.com/@material-ui/icons/-/icons-4.9.1.tgz#fdeadf8cb3d89208945b33dbc50c7c616d0bd665"
  integrity sha512-GBitL3oBWO0hzBhvA9KxqcowRUsA0qzwKkURyC8nppnC3fw54KPKZ+d4V1Eeg/UnDRSzDaI9nGCdel/eh9AQMg==
  dependencies:
    "@babel/runtime" "^7.4.4"

"@material-ui/styles@4.9.0":
  version "4.9.0"
  resolved "https://registry.yarnpkg.com/@material-ui/styles/-/styles-4.9.0.tgz#10c31859f6868cfa9d3adf6b6c3e32c9d676bc76"
  integrity sha512-nJHum4RqYBPWsjL/9JET8Z02FZ9gSizlg/7LWVFpIthNzpK6OQ5OSRR4T4x9/p+wK3t1qNn3b1uI4XpnZaPxOA==
  dependencies:
    "@babel/runtime" "^7.4.4"
    "@emotion/hash" "^0.7.4"
    "@material-ui/types" "^5.0.0"
    "@material-ui/utils" "^4.7.1"
    clsx "^1.0.2"
    csstype "^2.5.2"
    hoist-non-react-statics "^3.2.1"
    jss "^10.0.3"
    jss-plugin-camel-case "^10.0.3"
    jss-plugin-default-unit "^10.0.3"
    jss-plugin-global "^10.0.3"
    jss-plugin-nested "^10.0.3"
    jss-plugin-props-sort "^10.0.3"
    jss-plugin-rule-value-function "^10.0.3"
    jss-plugin-vendor-prefixer "^10.0.3"
    prop-types "^15.7.2"

"@material-ui/styles@^4.9.0":
  version "4.9.6"
  resolved "https://registry.yarnpkg.com/@material-ui/styles/-/styles-4.9.6.tgz#924a30bf7c9b91af9c8f19c12c8573b8a4ecd085"
  integrity sha512-ijgwStEkw1OZ6gCz18hkjycpr/3lKs1hYPi88O/AUn4vMuuGEGAIrqKVFq/lADmZUNF3DOFIk8LDkp7zmjPxtA==
  dependencies:
    "@babel/runtime" "^7.4.4"
    "@emotion/hash" "^0.8.0"
    "@material-ui/types" "^5.0.0"
    "@material-ui/utils" "^4.9.6"
    clsx "^1.0.2"
    csstype "^2.5.2"
    hoist-non-react-statics "^3.3.2"
    jss "^10.0.3"
    jss-plugin-camel-case "^10.0.3"
    jss-plugin-default-unit "^10.0.3"
    jss-plugin-global "^10.0.3"
    jss-plugin-nested "^10.0.3"
    jss-plugin-props-sort "^10.0.3"
    jss-plugin-rule-value-function "^10.0.3"
    jss-plugin-vendor-prefixer "^10.0.3"
    prop-types "^15.7.2"

"@material-ui/system@^4.9.3":
  version "4.9.6"
  resolved "https://registry.yarnpkg.com/@material-ui/system/-/system-4.9.6.tgz#fd060540224da4d1740da8ca6e7af288e217717e"
  integrity sha512-QtfoAePyqXoZ2HUVSwGb1Ro0kucMCvVjbI0CdYIR21t0Opgfm1Oer6ni9P5lfeXA39xSt0wCierw37j+YES48Q==
  dependencies:
    "@babel/runtime" "^7.4.4"
    "@material-ui/utils" "^4.9.6"
    prop-types "^15.7.2"

"@material-ui/types@^5.0.0":
  version "5.0.0"
  resolved "https://registry.yarnpkg.com/@material-ui/types/-/types-5.0.0.tgz#26d6259dc6b39f4c2e1e9aceff7a11e031941741"
  integrity sha512-UeH2BuKkwDndtMSS0qgx1kCzSMw+ydtj0xx/XbFtxNSTlXydKwzs5gVW5ZKsFlAkwoOOQ9TIsyoCC8hq18tOwg==

"@material-ui/utils@^4.7.1", "@material-ui/utils@^4.9.6":
  version "4.9.6"
  resolved "https://registry.yarnpkg.com/@material-ui/utils/-/utils-4.9.6.tgz#5f1f9f6e4df9c8b6a263293b68c94834248ff157"
  integrity sha512-gqlBn0JPPTUZeAktn1rgMcy9Iczrr74ecx31tyZLVGdBGGzsxzM6PP6zeS7FuoLS6vG4hoZP7hWnOoHtkR0Kvw==
  dependencies:
    "@babel/runtime" "^7.4.4"
    prop-types "^15.7.2"
    react-is "^16.8.0"

"@types/prop-types@*":
  version "15.7.3"
  resolved "https://registry.yarnpkg.com/@types/prop-types/-/prop-types-15.7.3.tgz#2ab0d5da2e5815f94b0b9d4b95d1e5f243ab2ca7"
  integrity sha512-KfRL3PuHmqQLOG+2tGpRO26Ctg+Cq1E01D2DMriKEATHgWLfeNDmq9e29Q9WIky0dQ3NPkd1mzYH8Lm936Z9qw==

"@types/react-transition-group@^4.2.0":
  version "4.2.4"
  resolved "https://registry.yarnpkg.com/@types/react-transition-group/-/react-transition-group-4.2.4.tgz#c7416225987ccdb719262766c1483da8f826838d"
  integrity sha512-8DMUaDqh0S70TjkqU0DxOu80tFUiiaS9rxkWip/nb7gtvAsbqOXm02UCmR8zdcjWujgeYPiPNTVpVpKzUDotwA==
  dependencies:
    "@types/react" "*"

"@types/react@*":
  version "16.9.27"
  resolved "https://registry.yarnpkg.com/@types/react/-/react-16.9.27.tgz#7fc5db99e3ec3f21735b44d3560cff684856814a"
  integrity sha512-j+RvQb9w7a2kZFBOgTh+s/elCwtqWUMN6RJNdmz0ntmwpeoMHKnyhUcmYBu7Yw94Rtj9938D+TJSn6WGcq2+OA==
  dependencies:
    "@types/prop-types" "*"
    csstype "^2.2.0"

accesscontrol@^2.2.1:
  version "2.2.1"
  resolved "https://registry.yarnpkg.com/accesscontrol/-/accesscontrol-2.2.1.tgz#c942c48e330841c619682309a8c3aeec6bec66eb"
  integrity sha512-52EvFk/J9EF+w4mYQoKnOTkEMj01R1U5n2fc1dai6x1xkgOks3DGkx01qQL2cKFxGmE4Tn1krAU3jJA9L1NMkg==
  dependencies:
    notation "^1.3.6"

bl@^2.2.0:
  version "2.2.0"
  resolved "https://registry.yarnpkg.com/bl/-/bl-2.2.0.tgz#e1a574cdf528e4053019bb800b041c0ac88da493"
  integrity sha512-wbgvOpqopSr7uq6fJrLH8EsvYMJf9gzfo2jCsL2eTy75qXPukA4pCgHamOQkZtY5vmfVtjB+P3LNlMHW5CEZXA==
  dependencies:
    readable-stream "^2.3.5"
    safe-buffer "^5.1.1"

bluebird@3.5.1:
  version "3.5.1"
  resolved "https://registry.yarnpkg.com/bluebird/-/bluebird-3.5.1.tgz#d9551f9de98f1fcda1e683d17ee91a0602ee2eb9"
  integrity sha512-MKiLiV+I1AA596t9w1sQJ8jkiSr5+ZKi0WKrYGUn6d1Fx+Ij4tIj+m2WMQSGczs5jZVxV339chE8iwk6F64wjA==

bowser@2.9.0:
  version "2.9.0"
  resolved "https://registry.yarnpkg.com/bowser/-/bowser-2.9.0.tgz#3bed854233b419b9a7422d9ee3e85504373821c9"
  integrity sha512-2ld76tuLBNFekRgmJfT2+3j5MIrP6bFict8WAIT3beq+srz1gcKNAdNKMqHqauQt63NmAa88HfP1/Ypa9Er3HA==

bson@^1.1.1, bson@~1.1.1:
  version "1.1.4"
  resolved "https://registry.yarnpkg.com/bson/-/bson-1.1.4.tgz#f76870d799f15b854dffb7ee32f0a874797f7e89"
  integrity sha512-S/yKGU1syOMzO86+dGpg2qGoDL0zvzcb262G+gqEy6TgP6rt6z6qxSFX/8X6vLC91P7G7C3nLs0+bvDzmvBA3Q==

camelize@1.0.0:
  version "1.0.0"
  resolved "https://registry.yarnpkg.com/camelize/-/camelize-1.0.0.tgz#164a5483e630fa4321e5af07020e531831b2609b"
  integrity sha1-FkpUg+Yw+kMh5a8HAg5TGDGyYJs=

clsx@^1.0.2:
  version "1.1.0"
  resolved "https://registry.yarnpkg.com/clsx/-/clsx-1.1.0.tgz#62937c6adfea771247c34b54d320fb99624f5702"
  integrity sha512-3avwM37fSK5oP6M5rQ9CNe99lwxhXDOeSWVPAOYF6OazUTgZCMb0yWlJpmdD74REy1gkEaFiub2ULv4fq9GUhA==

content-security-policy-builder@2.1.0:
  version "2.1.0"
  resolved "https://registry.yarnpkg.com/content-security-policy-builder/-/content-security-policy-builder-2.1.0.tgz#0a2364d769a3d7014eec79ff7699804deb8cfcbb"
  integrity sha512-/MtLWhJVvJNkA9dVLAp6fg9LxD2gfI6R2Fi1hPmfjYXSahJJzcfvoeDOxSyp4NvxMuwWv3WMssE9o31DoULHrQ==

convert-css-length@^2.0.1:
  version "2.0.1"
  resolved "https://registry.yarnpkg.com/convert-css-length/-/convert-css-length-2.0.1.tgz#90a76bde5bfd24d72881a5b45d02249b2c1d257c"
  integrity sha512-iGpbcvhLPRKUbBc0Quxx7w/bV14AC3ItuBEGMahA5WTYqB8lq9jH0kTXFheCBASsYnqeMFZhiTruNxr1N59Axg==

core-util-is@~1.0.0:
  version "1.0.2"
  resolved "https://registry.yarnpkg.com/core-util-is/-/core-util-is-1.0.2.tgz#b5fd54220aa2bc5ab57aab7140c940754503c1a7"
  integrity sha1-tf1UIgqivFq1eqtxQMlAdUUDwac=

css-mediaquery@^0.1.2:
  version "0.1.2"
  resolved "https://registry.yarnpkg.com/css-mediaquery/-/css-mediaquery-0.1.2.tgz#6a2c37344928618631c54bd33cedd301da18bea0"
  integrity sha1-aiw3NEkoYYYxxUvTPO3TAdoYvqA=

css-vendor@^2.0.7:
  version "2.0.7"
  resolved "https://registry.yarnpkg.com/css-vendor/-/css-vendor-2.0.7.tgz#4e6d53d953c187981576d6a542acc9fb57174bda"
  integrity sha512-VS9Rjt79+p7M0WkPqcAza4Yq1ZHrsHrwf7hPL/bjQB+c1lwmAI+1FXxYTYt818D/50fFVflw0XKleiBN5RITkg==
  dependencies:
    "@babel/runtime" "^7.6.2"
    is-in-browser "^1.0.2"

csstype@^2.2.0, csstype@^2.5.2, csstype@^2.6.5, csstype@^2.6.7:
  version "2.6.9"
  resolved "https://registry.yarnpkg.com/csstype/-/csstype-2.6.9.tgz#05141d0cd557a56b8891394c1911c40c8a98d098"
  integrity sha512-xz39Sb4+OaTsULgUERcCk+TJj8ylkL4aSVDQiX/ksxbELSqwkgt4d4RD7fovIdgJGSuNYqwZEiVjYY5l0ask+Q==

dasherize@2.0.0:
  version "2.0.0"
  resolved "https://registry.yarnpkg.com/dasherize/-/dasherize-2.0.0.tgz#6d809c9cd0cf7bb8952d80fc84fa13d47ddb1308"
  integrity sha1-bYCcnNDPe7iVLYD8hPoT1H3bEwg=

debug@3.1.0:
  version "3.1.0"
  resolved "https://registry.yarnpkg.com/debug/-/debug-3.1.0.tgz#5bb5a0672628b64149566ba16819e61518c67261"
  integrity sha512-OX8XqP7/1a9cqkxYw2yXss15f26NKWBpDXQd0/uK/KPqdQhxbPa994hnzjcE2VqQpDslf55723cKPUOGSmMY3g==
  dependencies:
    ms "2.0.0"

denque@^1.4.1:
  version "1.4.1"
  resolved "https://registry.yarnpkg.com/denque/-/denque-1.4.1.tgz#6744ff7641c148c3f8a69c307e51235c1f4a37cf"
  integrity sha512-OfzPuSZKGcgr96rf1oODnfjqBFmr1DVoc/TrItj3Ohe0Ah1C5WX5Baquw/9U9KovnQ88EqmJbD66rKYUQYN1tQ==

depd@2.0.0:
  version "2.0.0"
  resolved "https://registry.yarnpkg.com/depd/-/depd-2.0.0.tgz#b696163cc757560d09cf22cc8fad1571b79e76df"
  integrity sha512-g7nH6P6dyDioJogAAGprGpCtVImJhpPk/roCzdb3fIh61/s/nPsfR6onyMwkCAR/OlC3yBC0lESvUoQEAssIrw==

dns-prefetch-control@0.2.0:
  version "0.2.0"
  resolved "https://registry.yarnpkg.com/dns-prefetch-control/-/dns-prefetch-control-0.2.0.tgz#73988161841f3dcc81f47686d539a2c702c88624"
  integrity sha512-hvSnros73+qyZXhHFjx2CMLwoj3Fe7eR9EJsFsqmcI1bB2OBWL/+0YzaEaKssCHnj/6crawNnUyw74Gm2EKe+Q==

dom-helpers@^5.0.1:
  version "5.1.3"
  resolved "https://registry.yarnpkg.com/dom-helpers/-/dom-helpers-5.1.3.tgz#7233248eb3a2d1f74aafca31e52c5299cc8ce821"
  integrity sha512-nZD1OtwfWGRBWlpANxacBEZrEuLa16o1nh7YopFWeoF68Zt8GGEmzHu6Xv4F3XaFIC+YXtTLrzgqKxFgLEe4jw==
  dependencies:
    "@babel/runtime" "^7.6.3"
    csstype "^2.6.7"

dont-sniff-mimetype@1.1.0:
  version "1.1.0"
  resolved "https://registry.yarnpkg.com/dont-sniff-mimetype/-/dont-sniff-mimetype-1.1.0.tgz#c7d0427f8bcb095762751252af59d148b0a623b2"
  integrity sha512-ZjI4zqTaxveH2/tTlzS1wFp+7ncxNZaIEWYg3lzZRHkKf5zPT/MnEG6WL0BhHMJUabkh8GeU5NL5j+rEUCb7Ug==

expect-ct@0.2.0:
  version "0.2.0"
  resolved "https://registry.yarnpkg.com/expect-ct/-/expect-ct-0.2.0.tgz#3a54741b6ed34cc7a93305c605f63cd268a54a62"
  integrity sha512-6SK3MG/Bbhm8MsgyJAylg+ucIOU71/FzyFalcfu5nY19dH8y/z0tBJU0wrNBXD4B27EoQtqPF/9wqH0iYAd04g==

feature-policy@0.3.0:
  version "0.3.0"
  resolved "https://registry.yarnpkg.com/feature-policy/-/feature-policy-0.3.0.tgz#7430e8e54a40da01156ca30aaec1a381ce536069"
  integrity sha512-ZtijOTFN7TzCujt1fnNhfWPFPSHeZkesff9AXZj+UEjYBynWNUIYpC87Ve4wHzyexQsImicLu7WsC2LHq7/xrQ==

frameguard@3.1.0:
  version "3.1.0"
  resolved "https://registry.yarnpkg.com/frameguard/-/frameguard-3.1.0.tgz#bd1442cca1d67dc346a6751559b6d04502103a22"
  integrity sha512-TxgSKM+7LTA6sidjOiSZK9wxY0ffMPY3Wta//MqwmX0nZuEHc8QrkV8Fh3ZhMJeiH+Uyh/tcaarImRy8u77O7g==

graphql-compose-connection@6.0.4:
  version "6.0.4"
  resolved "https://registry.yarnpkg.com/graphql-compose-connection/-/graphql-compose-connection-6.0.4.tgz#857356e5fc4e7335bc6da62bd3bbfe9a257f00db"
  integrity sha512-LSIdv3pqFbf+71xD3fAMRZq4GFtqHAYkLFE3RDdWWgsDaOWLuw/+5Dcva0+Di82VI0z9J98il9192bH5L4GNdw==

graphql-compose-mongoose@^7.3.1:
  version "7.3.5"
  resolved "https://registry.yarnpkg.com/graphql-compose-mongoose/-/graphql-compose-mongoose-7.3.5.tgz#9820f1510a274c3483c3c7c6a3d963b46b428ea2"
  integrity sha512-0sTdKNGwGdDQJAx/EBxmn+2xVgfZmSbd08xUlTuzMj75Hw8WyCyt19n7yOH3NWtUGxRoEOg4hfidPDA3aXOoRw==
  dependencies:
    object-path "^0.11.4"
  optionalDependencies:
    graphql-compose-connection "6.0.4"
    graphql-compose-pagination "^6.0.3"

graphql-compose-pagination@^6.0.3:
  version "6.0.3"
  resolved "https://registry.yarnpkg.com/graphql-compose-pagination/-/graphql-compose-pagination-6.0.3.tgz#58a50c07226d055ecf01fdd5ab3f300f58598beb"
  integrity sha512-XMiDSzLc/R13RXz2tpzWOQFTmkDZqVg6zSn3RBpoK2k9Ocg1JgfnIW3VeRw6vOG/Fm8dlWKzyBvQiicG33h8oQ==

graphql-compose@^7.8.0:
  version "7.14.1"
  resolved "https://registry.yarnpkg.com/graphql-compose/-/graphql-compose-7.14.1.tgz#f62fcbd688deb57ac7a99a200eb795afaf791684"
  integrity sha512-w0qVigEtkgLR/jJn5v8w8CommP6/NkFueiLCoEXQ0WMK76b0BQiyzUian/aij5OILSO6KHsWt/tTMBpz3/mxBA==
  dependencies:
    graphql-type-json "^0.3.1"
    object-path "^0.11.4"

graphql-type-json@^0.3.1:
  version "0.3.1"
  resolved "https://registry.yarnpkg.com/graphql-type-json/-/graphql-type-json-0.3.1.tgz#47fca2b1fa7adc0758d165b33580d7be7a6cf548"
  integrity sha512-1lPkUXQ2L8o+ERLzVAuc3rzc/E6pGF+6HnjihCVTK0VzR0jCuUd92FqNxoHdfILXqOn2L6b4y47TBxiPyieUVA==

gud@^1.0.0:
  version "1.0.0"
  resolved "https://registry.yarnpkg.com/gud/-/gud-1.0.0.tgz#a489581b17e6a70beca9abe3ae57de7a499852c0"
  integrity sha512-zGEOVKFM5sVPPrYs7J5/hYEw2Pof8KCyOwyhG8sAF26mCAeUFAcYPu1mwB7hhpIP29zOIBaDqwuHdLp0jvZXjw==

helmet-crossdomain@0.4.0:
  version "0.4.0"
  resolved "https://registry.yarnpkg.com/helmet-crossdomain/-/helmet-crossdomain-0.4.0.tgz#5f1fe5a836d0325f1da0a78eaa5fd8429078894e"
  integrity sha512-AB4DTykRw3HCOxovD1nPR16hllrVImeFp5VBV9/twj66lJ2nU75DP8FPL0/Jp4jj79JhTfG+pFI2MD02kWJ+fA==

helmet-csp@2.10.0:
  version "2.10.0"
  resolved "https://registry.yarnpkg.com/helmet-csp/-/helmet-csp-2.10.0.tgz#685dde1747bc16c5e28ad9d91e229a69f0a85e84"
  integrity sha512-Rz953ZNEFk8sT2XvewXkYN0Ho4GEZdjAZy4stjiEQV3eN7GDxg1QKmYggH7otDyIA7uGA6XnUMVSgeJwbR5X+w==
  dependencies:
    bowser "2.9.0"
    camelize "1.0.0"
    content-security-policy-builder "2.1.0"
    dasherize "2.0.0"

helmet@^3.11.0:
  version "3.22.0"
  resolved "https://registry.yarnpkg.com/helmet/-/helmet-3.22.0.tgz#3a6f11d931799145f0aff15dbc563cff9e13131f"
  integrity sha512-Xrqicn2nm1ZIUxP3YGuTBmbDL04neKsIT583Sjh0FkiwKDXYCMUqGqC88w3NUvVXtA75JyR2Jn6jw6ZEMOD+ZA==
  dependencies:
    depd "2.0.0"
    dns-prefetch-control "0.2.0"
    dont-sniff-mimetype "1.1.0"
    expect-ct "0.2.0"
    feature-policy "0.3.0"
    frameguard "3.1.0"
    helmet-crossdomain "0.4.0"
    helmet-csp "2.10.0"
    hide-powered-by "1.1.0"
    hpkp "2.0.0"
    hsts "2.2.0"
    ienoopen "1.1.0"
    nocache "2.1.0"
    referrer-policy "1.2.0"
    x-xss-protection "1.3.0"

hide-powered-by@1.1.0:
  version "1.1.0"
  resolved "https://registry.yarnpkg.com/hide-powered-by/-/hide-powered-by-1.1.0.tgz#be3ea9cab4bdb16f8744be873755ca663383fa7a"
  integrity sha512-Io1zA2yOA1YJslkr+AJlWSf2yWFkKjvkcL9Ni1XSUqnGLr/qRQe2UI3Cn/J9MsJht7yEVCe0SscY1HgVMujbgg==

history@^4.9.0:
  version "4.10.1"
  resolved "https://registry.yarnpkg.com/history/-/history-4.10.1.tgz#33371a65e3a83b267434e2b3f3b1b4c58aad4cf3"
  integrity sha512-36nwAD620w12kuzPAsyINPWJqlNbij+hpK1k9XRloDtym8mxzGYl2c17LnV6IAGB2Dmg4tEa7G7DlawS0+qjew==
  dependencies:
    "@babel/runtime" "^7.1.2"
    loose-envify "^1.2.0"
    resolve-pathname "^3.0.0"
    tiny-invariant "^1.0.2"
    tiny-warning "^1.0.0"
    value-equal "^1.0.1"

hoist-non-react-statics@^3.1.0, hoist-non-react-statics@^3.2.1, hoist-non-react-statics@^3.3.1, hoist-non-react-statics@^3.3.2:
  version "3.3.2"
  resolved "https://registry.yarnpkg.com/hoist-non-react-statics/-/hoist-non-react-statics-3.3.2.tgz#ece0acaf71d62c2969c2ec59feff42a4b1a85b45"
  integrity sha512-/gGivxi8JPKWNm/W0jSmzcMPpfpPLc3dY/6GxhX2hQ9iGj3aDfklV4ET7NjKpSinLpJ5vafa9iiGIEZg10SfBw==
  dependencies:
    react-is "^16.7.0"

hpkp@2.0.0:
  version "2.0.0"
  resolved "https://registry.yarnpkg.com/hpkp/-/hpkp-2.0.0.tgz#10e142264e76215a5d30c44ec43de64dee6d1672"
  integrity sha1-EOFCJk52IVpdMMROxD3mTe5tFnI=

hsts@2.2.0:
  version "2.2.0"
  resolved "https://registry.yarnpkg.com/hsts/-/hsts-2.2.0.tgz#09119d42f7a8587035d027dda4522366fe75d964"
  integrity sha512-ToaTnQ2TbJkochoVcdXYm4HOCliNozlviNsg+X2XQLQvZNI/kCHR9rZxVYpJB3UPcHz80PgxRyWQ7PdU1r+VBQ==
  dependencies:
    depd "2.0.0"

hyphenate-style-name@^1.0.3:
  version "1.0.3"
  resolved "https://registry.yarnpkg.com/hyphenate-style-name/-/hyphenate-style-name-1.0.3.tgz#097bb7fa0b8f1a9cf0bd5c734cf95899981a9b48"
  integrity sha512-EcuixamT82oplpoJ2XU4pDtKGWQ7b00CD9f1ug9IaQ3p1bkHMiKCZ9ut9QDI6qsa6cpUuB+A/I+zLtdNK4n2DQ==

ienoopen@1.1.0:
  version "1.1.0"
  resolved "https://registry.yarnpkg.com/ienoopen/-/ienoopen-1.1.0.tgz#411e5d530c982287dbdc3bb31e7a9c9e32630974"
  integrity sha512-MFs36e/ca6ohEKtinTJ5VvAJ6oDRAYFdYXweUnGY9L9vcoqFOU4n2ZhmJ0C4z/cwGZ3YIQRSB3XZ1+ghZkY5NQ==

inherits@~2.0.3:
  version "2.0.4"
  resolved "https://registry.yarnpkg.com/inherits/-/inherits-2.0.4.tgz#0fa2c64f932917c3433a0ded55363aae37416b7c"
  integrity sha512-k/vGaX4/Yla3WzyMCvTQOXYeIHvqOKtnqBduzTHpzpQZzAskKMhZ2K+EnBiSM9zGSoIFeMpXKxa4dYeZIQqewQ==

invariant@^2.2.4:
  version "2.2.4"
  resolved "https://registry.yarnpkg.com/invariant/-/invariant-2.2.4.tgz#610f3c92c9359ce1db616e538008d23ff35158e6"
  integrity sha512-phJfQVBuaJM5raOpJjSfkiD6BpbCE4Ns//LaXl6wGYtUBY83nWS6Rf9tXm2e8VaK60JEjYldbPif/A2B1C2gNA==
  dependencies:
    loose-envify "^1.0.0"

is-in-browser@^1.0.2, is-in-browser@^1.1.3:
  version "1.1.3"
  resolved "https://registry.yarnpkg.com/is-in-browser/-/is-in-browser-1.1.3.tgz#56ff4db683a078c6082eb95dad7dc62e1d04f835"
  integrity sha1-Vv9NtoOgeMYILrldrX3GLh0E+DU=

isarray@0.0.1:
  version "0.0.1"
  resolved "https://registry.yarnpkg.com/isarray/-/isarray-0.0.1.tgz#8a18acfca9a8f4177e09abfc6038939b05d1eedf"
  integrity sha1-ihis/Kmo9Bd+Cav8YDiTmwXR7t8=

isarray@~1.0.0:
  version "1.0.0"
  resolved "https://registry.yarnpkg.com/isarray/-/isarray-1.0.0.tgz#bb935d48582cba168c06834957a54a3e07124f11"
  integrity sha1-u5NdSFgsuhaMBoNJV6VKPgcSTxE=

"js-tokens@^3.0.0 || ^4.0.0":
  version "4.0.0"
  resolved "https://registry.yarnpkg.com/js-tokens/-/js-tokens-4.0.0.tgz#19203fb59991df98e3a287050d4647cdeaf32499"
  integrity sha512-RdJUflcE3cUzKiMqQgsCu06FPu9UdIJO0beYbPhHN4k6apgJtifcoCtT9bcxOpYBtpD2kCM6Sbzg4CausW/PKQ==

jss-plugin-camel-case@^10.0.3:
  version "10.1.1"
  resolved "https://registry.yarnpkg.com/jss-plugin-camel-case/-/jss-plugin-camel-case-10.1.1.tgz#8e73ecc4f1d0f8dfe4dd31f6f9f2782588970e78"
  integrity sha512-MDIaw8FeD5uFz1seQBKz4pnvDLnj5vIKV5hXSVdMaAVq13xR6SVTVWkIV/keyTs5txxTvzGJ9hXoxgd1WTUlBw==
  dependencies:
    "@babel/runtime" "^7.3.1"
    hyphenate-style-name "^1.0.3"
    jss "10.1.1"

jss-plugin-default-unit@^10.0.3:
  version "10.1.1"
  resolved "https://registry.yarnpkg.com/jss-plugin-default-unit/-/jss-plugin-default-unit-10.1.1.tgz#2df86016dfe73085eead843f5794e3890e9c5c47"
  integrity sha512-UkeVCA/b3QEA4k0nIKS4uWXDCNmV73WLHdh2oDGZZc3GsQtlOCuiH3EkB/qI60v2MiCq356/SYWsDXt21yjwdg==
  dependencies:
    "@babel/runtime" "^7.3.1"
    jss "10.1.1"

jss-plugin-global@^10.0.3:
  version "10.1.1"
  resolved "https://registry.yarnpkg.com/jss-plugin-global/-/jss-plugin-global-10.1.1.tgz#36b0d6d9facb74dfd99590643708a89260747d14"
  integrity sha512-VBG3wRyi3Z8S4kMhm8rZV6caYBegsk+QnQZSVmrWw6GVOT/Z4FA7eyMu5SdkorDlG/HVpHh91oFN56O4R9m2VA==
  dependencies:
    "@babel/runtime" "^7.3.1"
    jss "10.1.1"

jss-plugin-nested@^10.0.3:
  version "10.1.1"
  resolved "https://registry.yarnpkg.com/jss-plugin-nested/-/jss-plugin-nested-10.1.1.tgz#5c3de2b8bda344de1ebcef3a4fd30870a29a8a8c"
  integrity sha512-ozEu7ZBSVrMYxSDplPX3H82XHNQk2DQEJ9TEyo7OVTPJ1hEieqjDFiOQOxXEj9z3PMqkylnUbvWIZRDKCFYw5Q==
  dependencies:
    "@babel/runtime" "^7.3.1"
    jss "10.1.1"
    tiny-warning "^1.0.2"

jss-plugin-props-sort@^10.0.3:
  version "10.1.1"
  resolved "https://registry.yarnpkg.com/jss-plugin-props-sort/-/jss-plugin-props-sort-10.1.1.tgz#34bddcbfaf9430ec8ccdf92729f03bb10caf1785"
  integrity sha512-g/joK3eTDZB4pkqpZB38257yD4LXB0X15jxtZAGbUzcKAVUHPl9Jb47Y7lYmiGsShiV4YmQRqG1p2DHMYoK91g==
  dependencies:
    "@babel/runtime" "^7.3.1"
    jss "10.1.1"

jss-plugin-rule-value-function@^10.0.3:
  version "10.1.1"
  resolved "https://registry.yarnpkg.com/jss-plugin-rule-value-function/-/jss-plugin-rule-value-function-10.1.1.tgz#be00dac6fc394aaddbcef5860b9eca6224d96382"
  integrity sha512-ClV1lvJ3laU9la1CUzaDugEcwnpjPTuJ0yGy2YtcU+gG/w9HMInD5vEv7xKAz53Bk4WiJm5uLOElSEshHyhKNw==
  dependencies:
    "@babel/runtime" "^7.3.1"
    jss "10.1.1"

jss-plugin-vendor-prefixer@^10.0.3:
  version "10.1.1"
  resolved "https://registry.yarnpkg.com/jss-plugin-vendor-prefixer/-/jss-plugin-vendor-prefixer-10.1.1.tgz#8348b20749f790beebab3b6a8f7075b07c2cfcfd"
  integrity sha512-09MZpQ6onQrhaVSF6GHC4iYifQ7+4YC/tAP6D4ZWeZotvCMq1mHLqNKRIaqQ2lkgANjlEot2JnVi1ktu4+L4pw==
  dependencies:
    "@babel/runtime" "^7.3.1"
    css-vendor "^2.0.7"
    jss "10.1.1"

jss@10.1.1, jss@^10.0.3:
  version "10.1.1"
  resolved "https://registry.yarnpkg.com/jss/-/jss-10.1.1.tgz#450b27d53761af3e500b43130a54cdbe157ea332"
  integrity sha512-Xz3qgRUFlxbWk1czCZibUJqhVPObrZHxY3FPsjCXhDld4NOj1BgM14Ir5hVm+Qr6OLqVljjGvoMcCdXNOAbdkQ==
  dependencies:
    "@babel/runtime" "^7.3.1"
    csstype "^2.6.5"
    is-in-browser "^1.1.3"
    tiny-warning "^1.0.2"

kareem@2.3.1:
  version "2.3.1"
  resolved "https://registry.yarnpkg.com/kareem/-/kareem-2.3.1.tgz#def12d9c941017fabfb00f873af95e9c99e1be87"
  integrity sha512-l3hLhffs9zqoDe8zjmb/mAN4B8VT3L56EUvKNqLFVs9YlFA+zx7ke1DO8STAdDyYNkeSo1nKmjuvQeI12So8Xw==

lodash@4.17.21, lodash@^4.17.15:
  version "4.17.21"
  resolved "https://registry.yarnpkg.com/lodash/-/lodash-4.17.21.tgz#679591c564c3bffaae8454cf0b3df370c3d6911c"
  integrity sha512-v2kDEe57lecTulaDIuNTPy3Ry4gLGJ6Z1O3vE1krgXZNrsQ+LFTGHVxVjcXPs17LhbZVGedAJv8XZ1tvj5FvSg==

loose-envify@^1.0.0, loose-envify@^1.1.0, loose-envify@^1.2.0, loose-envify@^1.3.1, loose-envify@^1.4.0:
  version "1.4.0"
  resolved "https://registry.yarnpkg.com/loose-envify/-/loose-envify-1.4.0.tgz#71ee51fa7be4caec1a63839f7e682d8132d30caf"
  integrity sha512-lyuxPGr/Wfhrlem2CL/UcnUc1zcqKAImBDzukY7Y5F/yQiNdko6+fRLevlw1HgMySw7f611UIY408EtxRSoK3Q==
  dependencies:
    js-tokens "^3.0.0 || ^4.0.0"

memory-pager@^1.0.2:
  version "1.5.0"
  resolved "https://registry.yarnpkg.com/memory-pager/-/memory-pager-1.5.0.tgz#d8751655d22d384682741c972f2c3d6dfa3e66b5"
  integrity sha512-ZS4Bp4r/Zoeq6+NLJpP+0Zzm0pR8whtGPf1XExKLJBAczGMnSi3It14OiNCStjQjM6NU1okjQGSxgEZN8eBYKg==

mini-create-react-context@^0.3.0:
  version "0.3.2"
  resolved "https://registry.yarnpkg.com/mini-create-react-context/-/mini-create-react-context-0.3.2.tgz#79fc598f283dd623da8e088b05db8cddab250189"
  integrity sha512-2v+OeetEyliMt5VHMXsBhABoJ0/M4RCe7fatd/fBy6SMiKazUSEt3gxxypfnk2SHMkdBYvorHRoQxuGoiwbzAw==
  dependencies:
    "@babel/runtime" "^7.4.0"
    gud "^1.0.0"
    tiny-warning "^1.0.2"

mobile-detect@1.4.3:
  version "1.4.3"
  resolved "https://registry.yarnpkg.com/mobile-detect/-/mobile-detect-1.4.3.tgz#e436a3839f5807dd4d3cd4e081f7d3a51ffda2dd"
  integrity sha512-UaahPNLllQsstHOEHAmVnTHCMQrAS9eL5Qgdi50QrYz6UgGk+Xziz2udz2GN6NYcyODcPLnasC7a7s6R2DjiaQ==

mobx-react-lite@^1.4.2:
  version "1.5.2"
  resolved "https://registry.yarnpkg.com/mobx-react-lite/-/mobx-react-lite-1.5.2.tgz#c4395b0568b9cb16f07669d8869cc4efa1b8656d"
  integrity sha512-PyZmARqqWtpuQaAoHF5pKX7h6TKNLwq6vtovm4zZvG6sEbMRHHSqioGXSeQbpRmG8Kw8uln3q/W1yMO5IfL5Sg==

mobx-react@^6.1.4:
  version "6.1.8"
  resolved "https://registry.yarnpkg.com/mobx-react/-/mobx-react-6.1.8.tgz#5b9a3950463d58c154dda2c94d16d48ed8fcb02e"
  integrity sha512-NCMJn/hrWoeyeNbzCsBDtftWSy6VlFgw1VzhogrciPFvJIl2xs+8rJJdPlRHQTiNirwNoHNKJgUE4WhPZPvKDw==
  dependencies:
    mobx-react-lite "^1.4.2"

mobx@^5.15.4:
  version "5.15.4"
  resolved "https://registry.yarnpkg.com/mobx/-/mobx-5.15.4.tgz#9da1a84e97ba624622f4e55a0bf3300fb931c2ab"
  integrity sha512-xRFJxSU2Im3nrGCdjSuOTFmxVDGeqOHL+TyADCGbT0k4HHqGmx5u2yaHNryvoORpI4DfbzjJ5jPmuv+d7sioFw==

mongodb@3.5.5:
  version "3.5.5"
  resolved "https://registry.yarnpkg.com/mongodb/-/mongodb-3.5.5.tgz#1334c3e5a384469ac7ef0dea69d59acc829a496a"
  integrity sha512-GCjDxR3UOltDq00Zcpzql6dQo1sVry60OXJY3TDmFc2SWFY6c8Gn1Ardidc5jDirvJrx2GC3knGOImKphbSL3A==
  dependencies:
    bl "^2.2.0"
    bson "^1.1.1"
    denque "^1.4.1"
    require_optional "^1.0.1"
    safe-buffer "^5.1.2"
  optionalDependencies:
    saslprep "^1.0.0"

mongoose-legacy-pluralize@1.0.2:
  version "1.0.2"
  resolved "https://registry.yarnpkg.com/mongoose-legacy-pluralize/-/mongoose-legacy-pluralize-1.0.2.tgz#3ba9f91fa507b5186d399fb40854bff18fb563e4"
  integrity sha512-Yo/7qQU4/EyIS8YDFSeenIvXxZN+ld7YdV9LqFVQJzTLye8unujAWPZ4NWKfFA+RNjh+wvTWKY9Z3E5XM6ZZiQ==

mongoose@^5.9.7:
  version "5.9.7"
  resolved "https://registry.yarnpkg.com/mongoose/-/mongoose-5.9.7.tgz#03c581860d0e2f60f6008f9457ab0c2905609875"
  integrity sha512-WJOBh9WMvivqBK8my9HFtSzSySKdUxJPNGAwswEakAasWUcPXJl3yHMtZ4ngGnKbwTT9KnAr75xamlt/PouR9w==
  dependencies:
    bson "~1.1.1"
    kareem "2.3.1"
    mongodb "3.5.5"
    mongoose-legacy-pluralize "1.0.2"
    mpath "0.6.0"
    mquery "3.2.2"
    ms "2.1.2"
    regexp-clone "1.0.0"
    safe-buffer "5.1.2"
    sift "7.0.1"
    sliced "1.0.1"

mpath@0.6.0:
  version "0.6.0"
  resolved "https://registry.yarnpkg.com/mpath/-/mpath-0.6.0.tgz#aa922029fca4f0f641f360e74c5c1b6a4c47078e"
  integrity sha512-i75qh79MJ5Xo/sbhxrDrPSEG0H/mr1kcZXJ8dH6URU5jD/knFxCVqVC/gVSW7GIXL/9hHWlT9haLbCXWOll3qw==

mquery@3.2.2:
  version "3.2.2"
  resolved "https://registry.yarnpkg.com/mquery/-/mquery-3.2.2.tgz#e1383a3951852ce23e37f619a9b350f1fb3664e7"
  integrity sha512-XB52992COp0KP230I3qloVUbkLUxJIu328HBP2t2EsxSFtf4W1HPSOBWOXf1bqxK4Xbb66lfMJ+Bpfd9/yZE1Q==
  dependencies:
    bluebird "3.5.1"
    debug "3.1.0"
    regexp-clone "^1.0.0"
    safe-buffer "5.1.2"
    sliced "1.0.1"

ms@2.0.0:
  version "2.0.0"
  resolved "https://registry.yarnpkg.com/ms/-/ms-2.0.0.tgz#5608aeadfc00be6c2901df5f9861788de0d597c8"
  integrity sha1-VgiurfwAvmwpAd9fmGF4jeDVl8g=

ms@2.1.2:
  version "2.1.2"
  resolved "https://registry.yarnpkg.com/ms/-/ms-2.1.2.tgz#d09d1f357b443f493382a8eb3ccd183872ae6009"
  integrity sha512-sGkPx+VjMtmA6MX27oA4FBFELFCZZ4S4XqeGOXCv68tT+jb3vk/RyaKWP0PTKyWtmLSM0b+adUTEvbs1PEaH2w==

nocache@2.1.0:
  version "2.1.0"
  resolved "https://registry.yarnpkg.com/nocache/-/nocache-2.1.0.tgz#120c9ffec43b5729b1d5de88cd71aa75a0ba491f"
  integrity sha512-0L9FvHG3nfnnmaEQPjT9xhfN4ISk0A8/2j4M37Np4mcDesJjHgEUfgPhdCyZuFI954tjokaIj/A3NdpFNdEh4Q==

notation@^1.3.6:
  version "1.3.6"
  resolved "https://registry.yarnpkg.com/notation/-/notation-1.3.6.tgz#bc87b88d1f1159e2931e7f9317a3020313790321"
  integrity sha512-DIuJmrP/Gg1DcXKaApsqcjsJD6jEccqKSfmU3BUx/f1GHsMiTJh70cERwYc64tOmTRTARCeMwkqNNzjh3AHhiw==

object-assign@^4.1.1:
  version "4.1.1"
  resolved "https://registry.yarnpkg.com/object-assign/-/object-assign-4.1.1.tgz#2109adc7965887cfc05cbbd442cac8bfbb360863"
  integrity sha1-IQmtx5ZYh8/AXLvUQsrIv7s2CGM=

object-path@^0.11.4:
  version "0.11.4"
  resolved "https://registry.yarnpkg.com/object-path/-/object-path-0.11.4.tgz#370ae752fbf37de3ea70a861c23bba8915691949"
  integrity sha1-NwrnUvvzfePqcKhhwju6iRVpGUk=

path-to-regexp@^1.7.0:
  version "1.8.0"
  resolved "https://registry.yarnpkg.com/path-to-regexp/-/path-to-regexp-1.8.0.tgz#887b3ba9d84393e87a0a0b9f4cb756198b53548a"
  integrity sha512-n43JRhlUKUAlibEJhPeir1ncUID16QnEjNpwzNdO3Lm4ywrBpBZ5oLD0I6br9evr1Y9JTqwRtAh7JLoOzAQdVA==
  dependencies:
    isarray "0.0.1"

popper.js@^1.14.1:
  version "1.16.1"
  resolved "https://registry.yarnpkg.com/popper.js/-/popper.js-1.16.1.tgz#2a223cb3dc7b6213d740e40372be40de43e65b1b"
  integrity sha512-Wb4p1J4zyFTbM+u6WuO4XstYx4Ky9Cewe4DWrel7B0w6VVICvPwdOpotjzcf6eD8TsckVnIMNONQyPIUFOUbCQ==

process-nextick-args@~2.0.0:
  version "2.0.1"
  resolved "https://registry.yarnpkg.com/process-nextick-args/-/process-nextick-args-2.0.1.tgz#7820d9b16120cc55ca9ae7792680ae7dba6d7fe2"
  integrity sha512-3ouUOpQhtgrbOa17J7+uxOTpITYWaGP7/AhoR3+A+/1e9skrzelGi/dXzEYyvbxubEF6Wn2ypscTKiKJFFn1ag==

prop-types@^15.6.2, prop-types@^15.7.2:
  version "15.7.2"
  resolved "https://registry.yarnpkg.com/prop-types/-/prop-types-15.7.2.tgz#52c41e75b8c87e72b9d9360e0206b99dcbffa6c5"
  integrity sha512-8QQikdH7//R2vurIJSutZ1smHYTcLpRWEOlHnzcWHmBYrOGUysKwSsrC89BCiFj3CbrfJ/nXFdJepOVrY1GCHQ==
  dependencies:
    loose-envify "^1.4.0"
    object-assign "^4.1.1"
    react-is "^16.8.1"

react-dom@16.8.6:
  version "16.8.6"
  resolved "https://registry.yarnpkg.com/react-dom/-/react-dom-16.8.6.tgz#71d6303f631e8b0097f56165ef608f051ff6e10f"
  integrity sha512-1nL7PIq9LTL3fthPqwkvr2zY7phIPjYrT0jp4HjyEQrEROnw4dG41VVwi/wfoCneoleqrNX7iAD+pXebJZwrwA==
  dependencies:
    loose-envify "^1.1.0"
    object-assign "^4.1.1"
    prop-types "^15.6.2"
    scheduler "^0.13.6"

react-fast-compare@^2.0.4:
  version "2.0.4"
  resolved "https://registry.yarnpkg.com/react-fast-compare/-/react-fast-compare-2.0.4.tgz#e84b4d455b0fec113e0402c329352715196f81f9"
  integrity sha512-suNP+J1VU1MWFKcyt7RtjiSWUjvidmQSlqu+eHslq+342xCbGTYmC0mEhPCOHxlW0CywylOC1u2DFAT+bv4dBw==

react-helmet-async@^1.0.4:
  version "1.0.4"
  resolved "https://registry.yarnpkg.com/react-helmet-async/-/react-helmet-async-1.0.4.tgz#079ef10b7fefcaee6240fefd150711e62463cc97"
  integrity sha512-KTGHE9sz8N7+fCkZ2a3vzXH9eIkiTNhL2NhKR7XzzQl3WsGlCHh76arauJUIiGdfhjeMp7DY7PkASAmYFXeJYg==
  dependencies:
    "@babel/runtime" "^7.3.4"
    invariant "^2.2.4"
    prop-types "^15.7.2"
    react-fast-compare "^2.0.4"
    shallowequal "^1.1.0"

react-is@^16.6.0, react-is@^16.7.0, react-is@^16.8.0, react-is@^16.8.1:
  version "16.13.1"
  resolved "https://registry.yarnpkg.com/react-is/-/react-is-16.13.1.tgz#789729a4dc36de2999dc156dd6c1d9c18cea56a4"
  integrity sha512-24e6ynE2H+OKt4kqsOvNd8kBpV65zoxbA4BVsEOB3ARVWQki/DHzaUoC5KuON/BiccDaCCTZBuOcfZs70kR8bQ==

react-router-config@5.1.1:
  version "5.1.1"
  resolved "https://registry.yarnpkg.com/react-router-config/-/react-router-config-5.1.1.tgz#0f4263d1a80c6b2dc7b9c1902c9526478194a988"
  integrity sha512-DuanZjaD8mQp1ppHjgnnUnyOlqYXZVjnov/JzFhjLEwd3Z4dYjMSnqrEzzGThH47vpCOqPPwJM2FtthLeJ8Pbg==
  dependencies:
    "@babel/runtime" "^7.1.2"

react-router-dom@5.1.2:
  version "5.1.2"
  resolved "https://registry.yarnpkg.com/react-router-dom/-/react-router-dom-5.1.2.tgz#06701b834352f44d37fbb6311f870f84c76b9c18"
  integrity sha512-7BPHAaIwWpZS074UKaw1FjVdZBSVWEk8IuDXdB+OkLb8vd/WRQIpA4ag9WQk61aEfQs47wHyjWUoUGGZxpQXew==
  dependencies:
    "@babel/runtime" "^7.1.2"
    history "^4.9.0"
    loose-envify "^1.3.1"
    prop-types "^15.6.2"
    react-router "5.1.2"
    tiny-invariant "^1.0.2"
    tiny-warning "^1.0.0"

react-router@5.1.2:
  version "5.1.2"
  resolved "https://registry.yarnpkg.com/react-router/-/react-router-5.1.2.tgz#6ea51d789cb36a6be1ba5f7c0d48dd9e817d3418"
  integrity sha512-yjEuMFy1ONK246B+rsa0cUam5OeAQ8pyclRDgpxuSCrAlJ1qN9uZ5IgyKC7gQg0w8OM50NXHEegPh/ks9YuR2A==
  dependencies:
    "@babel/runtime" "^7.1.2"
    history "^4.9.0"
    hoist-non-react-statics "^3.1.0"
    loose-envify "^1.3.1"
    mini-create-react-context "^0.3.0"
    path-to-regexp "^1.7.0"
    prop-types "^15.6.2"
    react-is "^16.6.0"
    tiny-invariant "^1.0.2"
    tiny-warning "^1.0.0"

react-transition-group@^4.3.0:
  version "4.3.0"
  resolved "https://registry.yarnpkg.com/react-transition-group/-/react-transition-group-4.3.0.tgz#fea832e386cf8796c58b61874a3319704f5ce683"
  integrity sha512-1qRV1ZuVSdxPlPf4O8t7inxUGpdyO5zG9IoNfJxSO0ImU2A1YWkEQvFPuIPZmMLkg5hYs7vv5mMOyfgSkvAwvw==
  dependencies:
    "@babel/runtime" "^7.5.5"
    dom-helpers "^5.0.1"
    loose-envify "^1.4.0"
    prop-types "^15.6.2"

react@16.8.6:
  version "16.8.6"
  resolved "https://registry.yarnpkg.com/react/-/react-16.8.6.tgz#ad6c3a9614fd3a4e9ef51117f54d888da01f2bbe"
  integrity sha512-pC0uMkhLaHm11ZSJULfOBqV4tIZkx87ZLvbbQYunNixAAvjnC+snJCg0XQXn9VIsttVsbZP/H/ewzgsd5fxKXw==
  dependencies:
    loose-envify "^1.1.0"
    object-assign "^4.1.1"
    prop-types "^15.6.2"
    scheduler "^0.13.6"

readable-stream@^2.3.5:
  version "2.3.7"
  resolved "https://registry.yarnpkg.com/readable-stream/-/readable-stream-2.3.7.tgz#1eca1cf711aef814c04f62252a36a62f6cb23b57"
  integrity sha512-Ebho8K4jIbHAxnuxi7o42OrZgF/ZTNcsZj6nRKyUmkhLFq8CHItp/fy6hQZuZmP/n3yZ9VBUbp4zz/mX8hmYPw==
  dependencies:
    core-util-is "~1.0.0"
    inherits "~2.0.3"
    isarray "~1.0.0"
    process-nextick-args "~2.0.0"
    safe-buffer "~5.1.1"
    string_decoder "~1.1.1"
    util-deprecate "~1.0.1"

referrer-policy@1.2.0:
  version "1.2.0"
  resolved "https://registry.yarnpkg.com/referrer-policy/-/referrer-policy-1.2.0.tgz#b99cfb8b57090dc454895ef897a4cc35ef67a98e"
  integrity sha512-LgQJIuS6nAy1Jd88DCQRemyE3mS+ispwlqMk3b0yjZ257fI1v9c+/p6SD5gP5FGyXUIgrNOAfmyioHwZtYv2VA==

regenerator-runtime@^0.13.4:
  version "0.13.5"
  resolved "https://registry.yarnpkg.com/regenerator-runtime/-/regenerator-runtime-0.13.5.tgz#d878a1d094b4306d10b9096484b33ebd55e26697"
  integrity sha512-ZS5w8CpKFinUzOwW3c83oPeVXoNsrLsaCoLtJvAClH135j/R77RuymhiSErhm2lKcwSCIpmvIWSbDkIfAqKQlA==

regexp-clone@1.0.0, regexp-clone@^1.0.0:
  version "1.0.0"
  resolved "https://registry.yarnpkg.com/regexp-clone/-/regexp-clone-1.0.0.tgz#222db967623277056260b992626354a04ce9bf63"
  integrity sha512-TuAasHQNamyyJ2hb97IuBEif4qBHGjPHBS64sZwytpLEqtBQ1gPJTnOaQ6qmpET16cK14kkjbazl6+p0RRv0yw==

require_optional@^1.0.1:
  version "1.0.1"
  resolved "https://registry.yarnpkg.com/require_optional/-/require_optional-1.0.1.tgz#4cf35a4247f64ca3df8c2ef208cc494b1ca8fc2e"
  integrity sha512-qhM/y57enGWHAe3v/NcwML6a3/vfESLe/sGM2dII+gEO0BpKRUkWZow/tyloNqJyN6kXSl3RyyM8Ll5D/sJP8g==
  dependencies:
    resolve-from "^2.0.0"
    semver "^5.1.0"

resolve-from@^2.0.0:
  version "2.0.0"
  resolved "https://registry.yarnpkg.com/resolve-from/-/resolve-from-2.0.0.tgz#9480ab20e94ffa1d9e80a804c7ea147611966b57"
  integrity sha1-lICrIOlP+h2egKgEx+oUdhGWa1c=

resolve-pathname@^3.0.0:
  version "3.0.0"
  resolved "https://registry.yarnpkg.com/resolve-pathname/-/resolve-pathname-3.0.0.tgz#99d02224d3cf263689becbb393bc560313025dcd"
  integrity sha512-C7rARubxI8bXFNB/hqcp/4iUeIXJhJZvFPFPiSPRnhU5UPxzMFIl+2E6yY6c4k9giDJAhtV+enfA+G89N6Csng==

safe-buffer@5.1.2, safe-buffer@~5.1.0, safe-buffer@~5.1.1:
  version "5.1.2"
  resolved "https://registry.yarnpkg.com/safe-buffer/-/safe-buffer-5.1.2.tgz#991ec69d296e0313747d59bdfd2b745c35f8828d"
  integrity sha512-Gd2UZBJDkXlY7GbJxfsE8/nvKkUEU1G38c1siN6QP6a9PT9MmHB8GnpscSmMJSoF8LOIrt8ud/wPtojys4G6+g==

safe-buffer@^5.1.1, safe-buffer@^5.1.2:
  version "5.2.0"
  resolved "https://registry.yarnpkg.com/safe-buffer/-/safe-buffer-5.2.0.tgz#b74daec49b1148f88c64b68d49b1e815c1f2f519"
  integrity sha512-fZEwUGbVl7kouZs1jCdMLdt95hdIv0ZeHg6L7qPeciMZhZ+/gdesW4wgTARkrFWEpspjEATAzUGPG8N2jJiwbg==

saslprep@^1.0.0:
  version "1.0.3"
  resolved "https://registry.yarnpkg.com/saslprep/-/saslprep-1.0.3.tgz#4c02f946b56cf54297e347ba1093e7acac4cf226"
  integrity sha512-/MY/PEMbk2SuY5sScONwhUDsV2p77Znkb/q3nSVstq/yQzYJOH/Azh29p9oJLsl3LnQwSvZDKagDGBsBwSooag==
  dependencies:
    sparse-bitfield "^3.0.3"

scheduler@^0.13.6:
  version "0.13.6"
  resolved "https://registry.yarnpkg.com/scheduler/-/scheduler-0.13.6.tgz#466a4ec332467b31a91b9bf74e5347072e4cd889"
  integrity sha512-IWnObHt413ucAYKsD9J1QShUKkbKLQQHdxRyw73sw4FN26iWr3DY/H34xGPe4nmL1DwXyWmSWmMrA9TfQbE/XQ==
  dependencies:
    loose-envify "^1.1.0"
    object-assign "^4.1.1"

semver@^5.1.0:
  version "5.7.1"
  resolved "https://registry.yarnpkg.com/semver/-/semver-5.7.1.tgz#a954f931aeba508d307bbf069eff0c01c96116f7"
  integrity sha512-sauaDf/PZdVgrLTNYHRtpXa1iRiKcaebiKQ1BJdpQlWH2lCvexQdX55snPFyK7QzpudqbCI0qXFfOasHdyNDGQ==

shallowequal@^1.1.0:
  version "1.1.0"
  resolved "https://registry.yarnpkg.com/shallowequal/-/shallowequal-1.1.0.tgz#188d521de95b9087404fd4dcb68b13df0ae4e7f8"
  integrity sha512-y0m1JoUZSlPAjXVtPPW70aZWfIL/dSP7AFkRnniLCrK/8MDKog3TySTBmckD+RObVxH0v4Tox67+F14PdED2oQ==

sift@7.0.1:
  version "7.0.1"
  resolved "https://registry.yarnpkg.com/sift/-/sift-7.0.1.tgz#47d62c50b159d316f1372f8b53f9c10cd21a4b08"
  integrity sha512-oqD7PMJ+uO6jV9EQCl0LrRw1OwsiPsiFQR5AR30heR+4Dl7jBBbDLnNvWiak20tzZlSE1H7RB30SX/1j/YYT7g==

sliced@1.0.1:
  version "1.0.1"
  resolved "https://registry.yarnpkg.com/sliced/-/sliced-1.0.1.tgz#0b3a662b5d04c3177b1926bea82b03f837a2ef41"
  integrity sha1-CzpmK10Ewxd7GSa+qCsD+Dei70E=

sparse-bitfield@^3.0.3:
  version "3.0.3"
  resolved "https://registry.yarnpkg.com/sparse-bitfield/-/sparse-bitfield-3.0.3.tgz#ff4ae6e68656056ba4b3e792ab3334d38273ca11"
  integrity sha1-/0rm5oZWBWuks+eSqzM004JzyhE=
  dependencies:
    memory-pager "^1.0.2"

string_decoder@~1.1.1:
  version "1.1.1"
  resolved "https://registry.yarnpkg.com/string_decoder/-/string_decoder-1.1.1.tgz#9cf1611ba62685d7030ae9e4ba34149c3af03fc8"
  integrity sha512-n/ShnvDi6FHbbVfviro+WojiFzv+s8MPMHBczVePfUpDJLwoLT0ht1l4YwBCbi8pJAveEEdnkHyPyTP/mzRfwg==
  dependencies:
    safe-buffer "~5.1.0"

tiny-invariant@^1.0.2:
  version "1.1.0"
  resolved "https://registry.yarnpkg.com/tiny-invariant/-/tiny-invariant-1.1.0.tgz#634c5f8efdc27714b7f386c35e6760991d230875"
  integrity sha512-ytxQvrb1cPc9WBEI/HSeYYoGD0kWnGEOR8RY6KomWLBVhqz0RgTwVO9dLrGz7dC+nN9llyI7OKAgRq8Vq4ZBSw==

tiny-warning@^1.0.0, tiny-warning@^1.0.2:
  version "1.0.3"
  resolved "https://registry.yarnpkg.com/tiny-warning/-/tiny-warning-1.0.3.tgz#94a30db453df4c643d0fd566060d60a875d84754"
  integrity sha512-lBN9zLN/oAf68o3zNXYrdCt1kP8WsiGW8Oo2ka41b2IM5JL/S1CTyX1rW0mb/zSuJun0ZUrDxx4sqvYS2FWzPA==

util-deprecate@~1.0.1:
  version "1.0.2"
  resolved "https://registry.yarnpkg.com/util-deprecate/-/util-deprecate-1.0.2.tgz#450d4dc9fa70de732762fbd2d4a28981419a0ccf"
  integrity sha1-RQ1Nyfpw3nMnYvvS1KKJgUGaDM8=

value-equal@^1.0.1:
  version "1.0.1"
  resolved "https://registry.yarnpkg.com/value-equal/-/value-equal-1.0.1.tgz#1e0b794c734c5c0cade179c437d356d931a34d6c"
  integrity sha512-NOJ6JZCAWr0zlxZt+xqCHNTEKOsrks2HQd4MqhP1qy4z1SkbEP467eNx6TgDKXMvUOb+OENfJCZwM+16n7fRfw==

x-xss-protection@1.3.0:
  version "1.3.0"
  resolved "https://registry.yarnpkg.com/x-xss-protection/-/x-xss-protection-1.3.0.tgz#3e3a8dd638da80421b0e9fff11a2dbe168f6d52c"
  integrity sha512-kpyBI9TlVipZO4diReZMAHWtS0MMa/7Kgx8hwG/EuZLiA6sg4Ah/4TRdASHhRRN3boobzcYgFRUFSgHRge6Qhg==
